// !$*UTF8*$!
{
	archiveVersion = 1;
	classes = {
	};
	objectVersion = 51;
	objects = {

/* Begin PBXBuildFile section */
		A18AFB7047067C6D17EB80C6 /* Pods_movie_mania.framework in Frameworks */ = {isa = PBXBuildFile; fileRef = 777D06BA449EE3D54858BAE3 /* Pods_movie_mania.framework */; };
		B9971E1027CCD9D30094063F /* movie-mania.xcdatamodeld in Sources */ = {isa = PBXBuildFile; fileRef = B9971E0E27CCD9D30094063F /* movie-mania.xcdatamodeld */; };
		B9971E1A27CCE8A40094063F /* MovieEntity.swift in Sources */ = {isa = PBXBuildFile; fileRef = B9971E1927CCE8A40094063F /* MovieEntity.swift */; };
		B9A09D5527C6530C0033E929 /* MovieDetailsController.swift in Sources */ = {isa = PBXBuildFile; fileRef = B9A09D5427C6530C0033E929 /* MovieDetailsController.swift */; };
		B9AB692727BF76850061919D /* AppDelegate.swift in Sources */ = {isa = PBXBuildFile; fileRef = B9AB692627BF76850061919D /* AppDelegate.swift */; };
		B9AB692927BF76850061919D /* SceneDelegate.swift in Sources */ = {isa = PBXBuildFile; fileRef = B9AB692827BF76850061919D /* SceneDelegate.swift */; };
		B9AB692B27BF76850061919D /* HomeController.swift in Sources */ = {isa = PBXBuildFile; fileRef = B9AB692A27BF76850061919D /* HomeController.swift */; };
		B9AB692E27BF76850061919D /* Main.storyboard in Resources */ = {isa = PBXBuildFile; fileRef = B9AB692C27BF76850061919D /* Main.storyboard */; };
		B9AB693127BF76850061919D /* movie_mania.xcdatamodeld in Sources */ = {isa = PBXBuildFile; fileRef = B9AB692F27BF76850061919D /* movie_mania.xcdatamodeld */; };
		B9AB693327BF76870061919D /* Assets.xcassets in Resources */ = {isa = PBXBuildFile; fileRef = B9AB693227BF76870061919D /* Assets.xcassets */; };
		B9AB693627BF76870061919D /* LaunchScreen.storyboard in Resources */ = {isa = PBXBuildFile; fileRef = B9AB693427BF76870061919D /* LaunchScreen.storyboard */; };
		B9AB694027BFC1AB0061919D /* Config.swift in Sources */ = {isa = PBXBuildFile; fileRef = B9AB693F27BFC1AB0061919D /* Config.swift */; };
		B9AB694227BFC3D60061919D /* PopularMoviesViewModel.swift in Sources */ = {isa = PBXBuildFile; fileRef = B9AB694127BFC3D60061919D /* PopularMoviesViewModel.swift */; };
		B9AB694527BFC4250061919D /* MovieModel.swift in Sources */ = {isa = PBXBuildFile; fileRef = B9AB694427BFC4250061919D /* MovieModel.swift */; };
		B9AB694827BFC4DD0061919D /* PopularMoviesData.swift in Sources */ = {isa = PBXBuildFile; fileRef = B9AB694727BFC4DD0061919D /* PopularMoviesData.swift */; };
		B9AB694A27BFC9640061919D /* Constants.swift in Sources */ = {isa = PBXBuildFile; fileRef = B9AB694927BFC9640061919D /* Constants.swift */; };
		B9BF290627C3A812000EA6E6 /* MovieCell.swift in Sources */ = {isa = PBXBuildFile; fileRef = B9BF290427C3A812000EA6E6 /* MovieCell.swift */; };
		B9BF290727C3A812000EA6E6 /* MovieCell.xib in Resources */ = {isa = PBXBuildFile; fileRef = B9BF290527C3A812000EA6E6 /* MovieCell.xib */; };
/* End PBXBuildFile section */

/* Begin PBXFileReference section */
		6F3CFDE37E4905D9A5E4B3BB /* Pods-movie-mania.release.xcconfig */ = {isa = PBXFileReference; includeInIndex = 1; lastKnownFileType = text.xcconfig; name = "Pods-movie-mania.release.xcconfig"; path = "Target Support Files/Pods-movie-mania/Pods-movie-mania.release.xcconfig"; sourceTree = "<group>"; };
		777D06BA449EE3D54858BAE3 /* Pods_movie_mania.framework */ = {isa = PBXFileReference; explicitFileType = wrapper.framework; includeInIndex = 0; path = Pods_movie_mania.framework; sourceTree = BUILT_PRODUCTS_DIR; };
		B9971E0F27CCD9D30094063F /* movie-mania.xcdatamodel */ = {isa = PBXFileReference; lastKnownFileType = wrapper.xcdatamodel; path = "movie-mania.xcdatamodel"; sourceTree = "<group>"; };
		B9971E1927CCE8A40094063F /* MovieEntity.swift */ = {isa = PBXFileReference; lastKnownFileType = sourcecode.swift; path = MovieEntity.swift; sourceTree = "<group>"; };
		B9A09D5427C6530C0033E929 /* MovieDetailsController.swift */ = {isa = PBXFileReference; lastKnownFileType = sourcecode.swift; path = MovieDetailsController.swift; sourceTree = "<group>"; };
		B9AB692327BF76850061919D /* movie-mania.app */ = {isa = PBXFileReference; explicitFileType = wrapper.application; includeInIndex = 0; path = "movie-mania.app"; sourceTree = BUILT_PRODUCTS_DIR; };
		B9AB692627BF76850061919D /* AppDelegate.swift */ = {isa = PBXFileReference; lastKnownFileType = sourcecode.swift; path = AppDelegate.swift; sourceTree = "<group>"; };
		B9AB692827BF76850061919D /* SceneDelegate.swift */ = {isa = PBXFileReference; lastKnownFileType = sourcecode.swift; path = SceneDelegate.swift; sourceTree = "<group>"; };
		B9AB692A27BF76850061919D /* HomeController.swift */ = {isa = PBXFileReference; lastKnownFileType = sourcecode.swift; path = HomeController.swift; sourceTree = "<group>"; };
		B9AB692D27BF76850061919D /* Base */ = {isa = PBXFileReference; lastKnownFileType = file.storyboard; name = Base; path = Base.lproj/Main.storyboard; sourceTree = "<group>"; };
		B9AB693027BF76850061919D /* movie_mania.xcdatamodel */ = {isa = PBXFileReference; lastKnownFileType = wrapper.xcdatamodel; path = movie_mania.xcdatamodel; sourceTree = "<group>"; };
		B9AB693227BF76870061919D /* Assets.xcassets */ = {isa = PBXFileReference; lastKnownFileType = folder.assetcatalog; path = Assets.xcassets; sourceTree = "<group>"; };
		B9AB693527BF76870061919D /* Base */ = {isa = PBXFileReference; lastKnownFileType = file.storyboard; name = Base; path = Base.lproj/LaunchScreen.storyboard; sourceTree = "<group>"; };
		B9AB693727BF76870061919D /* Info.plist */ = {isa = PBXFileReference; lastKnownFileType = text.plist.xml; path = Info.plist; sourceTree = "<group>"; };
		B9AB693F27BFC1AB0061919D /* Config.swift */ = {isa = PBXFileReference; lastKnownFileType = sourcecode.swift; path = Config.swift; sourceTree = "<group>"; };
		B9AB694127BFC3D60061919D /* PopularMoviesViewModel.swift */ = {isa = PBXFileReference; lastKnownFileType = sourcecode.swift; path = PopularMoviesViewModel.swift; sourceTree = "<group>"; };
		B9AB694427BFC4250061919D /* MovieModel.swift */ = {isa = PBXFileReference; lastKnownFileType = sourcecode.swift; path = MovieModel.swift; sourceTree = "<group>"; };
		B9AB694727BFC4DD0061919D /* PopularMoviesData.swift */ = {isa = PBXFileReference; lastKnownFileType = sourcecode.swift; path = PopularMoviesData.swift; sourceTree = "<group>"; };
		B9AB694927BFC9640061919D /* Constants.swift */ = {isa = PBXFileReference; lastKnownFileType = sourcecode.swift; path = Constants.swift; sourceTree = "<group>"; };
		B9BF290427C3A812000EA6E6 /* MovieCell.swift */ = {isa = PBXFileReference; lastKnownFileType = sourcecode.swift; path = MovieCell.swift; sourceTree = "<group>"; };
		B9BF290527C3A812000EA6E6 /* MovieCell.xib */ = {isa = PBXFileReference; lastKnownFileType = file.xib; path = MovieCell.xib; sourceTree = "<group>"; };
		DBC19C592B59AE08B62C0738 /* Pods-movie-mania.debug.xcconfig */ = {isa = PBXFileReference; includeInIndex = 1; lastKnownFileType = text.xcconfig; name = "Pods-movie-mania.debug.xcconfig"; path = "Target Support Files/Pods-movie-mania/Pods-movie-mania.debug.xcconfig"; sourceTree = "<group>"; };
/* End PBXFileReference section */

/* Begin PBXFrameworksBuildPhase section */
		B9AB692027BF76850061919D /* Frameworks */ = {
			isa = PBXFrameworksBuildPhase;
			buildActionMask = 2147483647;
			files = (
				A18AFB7047067C6D17EB80C6 /* Pods_movie_mania.framework in Frameworks */,
			);
			runOnlyForDeploymentPostprocessing = 0;
		};
/* End PBXFrameworksBuildPhase section */

/* Begin PBXGroup section */
		70414BCBE3A6A85250970234 /* Frameworks */ = {
			isa = PBXGroup;
			children = (
				777D06BA449EE3D54858BAE3 /* Pods_movie_mania.framework */,
			);
			name = Frameworks;
			sourceTree = "<group>";
		};
		9A75E4032E5A37950DCFE7B4 /* Pods */ = {
			isa = PBXGroup;
			children = (
				DBC19C592B59AE08B62C0738 /* Pods-movie-mania.debug.xcconfig */,
				6F3CFDE37E4905D9A5E4B3BB /* Pods-movie-mania.release.xcconfig */,
			);
			path = Pods;
			sourceTree = "<group>";
		};
		B9AB691A27BF76850061919D = {
			isa = PBXGroup;
			children = (
				B9AB692527BF76850061919D /* movie-mania */,
				B9AB692427BF76850061919D /* Products */,
				9A75E4032E5A37950DCFE7B4 /* Pods */,
				70414BCBE3A6A85250970234 /* Frameworks */,
			);
			sourceTree = "<group>";
		};
		B9AB692427BF76850061919D /* Products */ = {
			isa = PBXGroup;
			children = (
				B9AB692327BF76850061919D /* movie-mania.app */,
			);
			name = Products;
			sourceTree = "<group>";
		};
		B9AB692527BF76850061919D /* movie-mania */ = {
			isa = PBXGroup;
			children = (
				B9AB692627BF76850061919D /* AppDelegate.swift */,
				B9AB692827BF76850061919D /* SceneDelegate.swift */,
				B9AB693D27BF78E60061919D /* View */,
				B9AB693E27BF78F80061919D /* Controller */,
				B9AB694327BFC3F10061919D /* ViewModel */,
				B9AB694627BFC42A0061919D /* Model */,
				B9AB693227BF76870061919D /* Assets.xcassets */,
				B9AB693427BF76870061919D /* LaunchScreen.storyboard */,
				B9AB693727BF76870061919D /* Info.plist */,
				B9AB692F27BF76850061919D /* movie_mania.xcdatamodeld */,
				B9AB693F27BFC1AB0061919D /* Config.swift */,
				B9AB694927BFC9640061919D /* Constants.swift */,
			);
			path = "movie-mania";
			sourceTree = "<group>";
		};
		B9AB693D27BF78E60061919D /* View */ = {
			isa = PBXGroup;
			children = (
				B9AB692C27BF76850061919D /* Main.storyboard */,
				B9BF290427C3A812000EA6E6 /* MovieCell.swift */,
				B9BF290527C3A812000EA6E6 /* MovieCell.xib */,
			);
			path = View;
			sourceTree = "<group>";
		};
		B9AB693E27BF78F80061919D /* Controller */ = {
			isa = PBXGroup;
			children = (
				B9AB692A27BF76850061919D /* HomeController.swift */,
				B9A09D5427C6530C0033E929 /* MovieDetailsController.swift */,
			);
			path = Controller;
			sourceTree = "<group>";
		};
		B9AB694327BFC3F10061919D /* ViewModel */ = {
			isa = PBXGroup;
			children = (
				B9AB694127BFC3D60061919D /* PopularMoviesViewModel.swift */,
			);
			path = ViewModel;
			sourceTree = "<group>";
		};
		B9AB694627BFC42A0061919D /* Model */ = {
			isa = PBXGroup;
			children = (
				B9AB694427BFC4250061919D /* MovieModel.swift */,
				B9AB694727BFC4DD0061919D /* PopularMoviesData.swift */,
				B9971E0E27CCD9D30094063F /* movie-mania.xcdatamodeld */,
				B9971E1927CCE8A40094063F /* MovieEntity.swift */,
			);
			path = Model;
			sourceTree = "<group>";
		};
/* End PBXGroup section */

/* Begin PBXNativeTarget section */
		B9AB692227BF76850061919D /* movie-mania */ = {
			isa = PBXNativeTarget;
			buildConfigurationList = B9AB693A27BF76870061919D /* Build configuration list for PBXNativeTarget "movie-mania" */;
			buildPhases = (
				C454EEDD7F733D42A0FFF6EB /* [CP] Check Pods Manifest.lock */,
				B9AB691F27BF76850061919D /* Sources */,
				B9AB692027BF76850061919D /* Frameworks */,
				B9AB692127BF76850061919D /* Resources */,
				897FED6D5570E921667555E3 /* [CP] Embed Pods Frameworks */,
			);
			buildRules = (
			);
			dependencies = (
			);
			name = "movie-mania";
			productName = "movie-mania";
			productReference = B9AB692327BF76850061919D /* movie-mania.app */;
			productType = "com.apple.product-type.application";
		};
/* End PBXNativeTarget section */

/* Begin PBXProject section */
		B9AB691B27BF76850061919D /* Project object */ = {
			isa = PBXProject;
			attributes = {
				LastSwiftUpdateCheck = 1250;
				LastUpgradeCheck = 1250;
				TargetAttributes = {
					B9AB692227BF76850061919D = {
						CreatedOnToolsVersion = 12.5.1;
					};
				};
			};
			buildConfigurationList = B9AB691E27BF76850061919D /* Build configuration list for PBXProject "movie-mania" */;
			compatibilityVersion = "Xcode 9.3";
			developmentRegion = en;
			hasScannedForEncodings = 0;
			knownRegions = (
				en,
				Base,
			);
			mainGroup = B9AB691A27BF76850061919D;
			productRefGroup = B9AB692427BF76850061919D /* Products */;
			projectDirPath = "";
			projectRoot = "";
			targets = (
				B9AB692227BF76850061919D /* movie-mania */,
			);
		};
/* End PBXProject section */

/* Begin PBXResourcesBuildPhase section */
		B9AB692127BF76850061919D /* Resources */ = {
			isa = PBXResourcesBuildPhase;
			buildActionMask = 2147483647;
			files = (
				B9AB693627BF76870061919D /* LaunchScreen.storyboard in Resources */,
				B9AB693327BF76870061919D /* Assets.xcassets in Resources */,
				B9BF290727C3A812000EA6E6 /* MovieCell.xib in Resources */,
				B9AB692E27BF76850061919D /* Main.storyboard in Resources */,
			);
			runOnlyForDeploymentPostprocessing = 0;
		};
/* End PBXResourcesBuildPhase section */

/* Begin PBXShellScriptBuildPhase section */
		897FED6D5570E921667555E3 /* [CP] Embed Pods Frameworks */ = {
			isa = PBXShellScriptBuildPhase;
			buildActionMask = 2147483647;
			files = (
			);
			inputFileListPaths = (
				"${PODS_ROOT}/Target Support Files/Pods-movie-mania/Pods-movie-mania-frameworks-${CONFIGURATION}-input-files.xcfilelist",
			);
			name = "[CP] Embed Pods Frameworks";
			outputFileListPaths = (
				"${PODS_ROOT}/Target Support Files/Pods-movie-mania/Pods-movie-mania-frameworks-${CONFIGURATION}-output-files.xcfilelist",
			);
			runOnlyForDeploymentPostprocessing = 0;
			shellPath = /bin/sh;
			shellScript = "\"${PODS_ROOT}/Target Support Files/Pods-movie-mania/Pods-movie-mania-frameworks.sh\"\n";
			showEnvVarsInLog = 0;
		};
		C454EEDD7F733D42A0FFF6EB /* [CP] Check Pods Manifest.lock */ = {
			isa = PBXShellScriptBuildPhase;
			buildActionMask = 2147483647;
			files = (
			);
			inputFileListPaths = (
			);
			inputPaths = (
				"${PODS_PODFILE_DIR_PATH}/Podfile.lock",
				"${PODS_ROOT}/Manifest.lock",
			);
			name = "[CP] Check Pods Manifest.lock";
			outputFileListPaths = (
			);
			outputPaths = (
				"$(DERIVED_FILE_DIR)/Pods-movie-mania-checkManifestLockResult.txt",
			);
			runOnlyForDeploymentPostprocessing = 0;
			shellPath = /bin/sh;
			shellScript = "diff \"${PODS_PODFILE_DIR_PATH}/Podfile.lock\" \"${PODS_ROOT}/Manifest.lock\" > /dev/null\nif [ $? != 0 ] ; then\n    # print error to STDERR\n    echo \"error: The sandbox is not in sync with the Podfile.lock. Run 'pod install' or update your CocoaPods installation.\" >&2\n    exit 1\nfi\n# This output is used by Xcode 'outputs' to avoid re-running this script phase.\necho \"SUCCESS\" > \"${SCRIPT_OUTPUT_FILE_0}\"\n";
			showEnvVarsInLog = 0;
		};
/* End PBXShellScriptBuildPhase section */

/* Begin PBXSourcesBuildPhase section */
		B9AB691F27BF76850061919D /* Sources */ = {
			isa = PBXSourcesBuildPhase;
			buildActionMask = 2147483647;
			files = (
				B9AB694527BFC4250061919D /* MovieModel.swift in Sources */,
				B9AB692B27BF76850061919D /* HomeController.swift in Sources */,
				B9BF290627C3A812000EA6E6 /* MovieCell.swift in Sources */,
				B9A09D5527C6530C0033E929 /* MovieDetailsController.swift in Sources */,
				B9AB693127BF76850061919D /* movie_mania.xcdatamodeld in Sources */,
				B9AB692727BF76850061919D /* AppDelegate.swift in Sources */,
				B9AB694827BFC4DD0061919D /* PopularMoviesData.swift in Sources */,
				B9971E1027CCD9D30094063F /* movie-mania.xcdatamodeld in Sources */,
				B9971E1A27CCE8A40094063F /* MovieEntity.swift in Sources */,
				B9AB694027BFC1AB0061919D /* Config.swift in Sources */,
				B9AB692927BF76850061919D /* SceneDelegate.swift in Sources */,
				B9AB694227BFC3D60061919D /* PopularMoviesViewModel.swift in Sources */,
				B9AB694A27BFC9640061919D /* Constants.swift in Sources */,
			);
			runOnlyForDeploymentPostprocessing = 0;
		};
/* End PBXSourcesBuildPhase section */

/* Begin PBXVariantGroup section */
		B9AB692C27BF76850061919D /* Main.storyboard */ = {
			isa = PBXVariantGroup;
			children = (
				B9AB692D27BF76850061919D /* Base */,
			);
			name = Main.storyboard;
			sourceTree = "<group>";
		};
		B9AB693427BF76870061919D /* LaunchScreen.storyboard */ = {
			isa = PBXVariantGroup;
			children = (
				B9AB693527BF76870061919D /* Base */,
			);
			name = LaunchScreen.storyboard;
			sourceTree = "<group>";
		};
/* End PBXVariantGroup section */

/* Begin XCBuildConfiguration section */
		B9AB693827BF76870061919D /* Debug */ = {
			isa = XCBuildConfiguration;
			buildSettings = {
				ALWAYS_SEARCH_USER_PATHS = NO;
				CLANG_ANALYZER_NONNULL = YES;
				CLANG_ANALYZER_NUMBER_OBJECT_CONVERSION = YES_AGGRESSIVE;
				CLANG_CXX_LANGUAGE_STANDARD = "gnu++14";
				CLANG_CXX_LIBRARY = "libc++";
				CLANG_ENABLE_MODULES = YES;
				CLANG_ENABLE_OBJC_ARC = YES;
				CLANG_ENABLE_OBJC_WEAK = YES;
				CLANG_WARN_BLOCK_CAPTURE_AUTORELEASING = YES;
				CLANG_WARN_BOOL_CONVERSION = YES;
				CLANG_WARN_COMMA = YES;
				CLANG_WARN_CONSTANT_CONVERSION = YES;
				CLANG_WARN_DEPRECATED_OBJC_IMPLEMENTATIONS = YES;
				CLANG_WARN_DIRECT_OBJC_ISA_USAGE = YES_ERROR;
				CLANG_WARN_DOCUMENTATION_COMMENTS = YES;
				CLANG_WARN_EMPTY_BODY = YES;
				CLANG_WARN_ENUM_CONVERSION = YES;
				CLANG_WARN_INFINITE_RECURSION = YES;
				CLANG_WARN_INT_CONVERSION = YES;
				CLANG_WARN_NON_LITERAL_NULL_CONVERSION = YES;
				CLANG_WARN_OBJC_IMPLICIT_RETAIN_SELF = YES;
				CLANG_WARN_OBJC_LITERAL_CONVERSION = YES;
				CLANG_WARN_OBJC_ROOT_CLASS = YES_ERROR;
				CLANG_WARN_QUOTED_INCLUDE_IN_FRAMEWORK_HEADER = YES;
				CLANG_WARN_RANGE_LOOP_ANALYSIS = YES;
				CLANG_WARN_STRICT_PROTOTYPES = YES;
				CLANG_WARN_SUSPICIOUS_MOVE = YES;
				CLANG_WARN_UNGUARDED_AVAILABILITY = YES_AGGRESSIVE;
				CLANG_WARN_UNREACHABLE_CODE = YES;
				CLANG_WARN__DUPLICATE_METHOD_MATCH = YES;
				COPY_PHASE_STRIP = NO;
				DEBUG_INFORMATION_FORMAT = dwarf;
				ENABLE_STRICT_OBJC_MSGSEND = YES;
				ENABLE_TESTABILITY = YES;
				GCC_C_LANGUAGE_STANDARD = gnu11;
				GCC_DYNAMIC_NO_PIC = NO;
				GCC_NO_COMMON_BLOCKS = YES;
				GCC_OPTIMIZATION_LEVEL = 0;
				GCC_PREPROCESSOR_DEFINITIONS = (
					"DEBUG=1",
					"$(inherited)",
				);
				GCC_WARN_64_TO_32_BIT_CONVERSION = YES;
				GCC_WARN_ABOUT_RETURN_TYPE = YES_ERROR;
				GCC_WARN_UNDECLARED_SELECTOR = YES;
				GCC_WARN_UNINITIALIZED_AUTOS = YES_AGGRESSIVE;
				GCC_WARN_UNUSED_FUNCTION = YES;
				GCC_WARN_UNUSED_VARIABLE = YES;
				IPHONEOS_DEPLOYMENT_TARGET = 14.5;
				MTL_ENABLE_DEBUG_INFO = INCLUDE_SOURCE;
				MTL_FAST_MATH = YES;
				ONLY_ACTIVE_ARCH = YES;
				SDKROOT = iphoneos;
				SWIFT_ACTIVE_COMPILATION_CONDITIONS = DEBUG;
				SWIFT_OPTIMIZATION_LEVEL = "-Onone";
			};
			name = Debug;
		};
		B9AB693927BF76870061919D /* Release */ = {
			isa = XCBuildConfiguration;
			buildSettings = {
				ALWAYS_SEARCH_USER_PATHS = NO;
				CLANG_ANALYZER_NONNULL = YES;
				CLANG_ANALYZER_NUMBER_OBJECT_CONVERSION = YES_AGGRESSIVE;
				CLANG_CXX_LANGUAGE_STANDARD = "gnu++14";
				CLANG_CXX_LIBRARY = "libc++";
				CLANG_ENABLE_MODULES = YES;
				CLANG_ENABLE_OBJC_ARC = YES;
				CLANG_ENABLE_OBJC_WEAK = YES;
				CLANG_WARN_BLOCK_CAPTURE_AUTORELEASING = YES;
				CLANG_WARN_BOOL_CONVERSION = YES;
				CLANG_WARN_COMMA = YES;
				CLANG_WARN_CONSTANT_CONVERSION = YES;
				CLANG_WARN_DEPRECATED_OBJC_IMPLEMENTATIONS = YES;
				CLANG_WARN_DIRECT_OBJC_ISA_USAGE = YES_ERROR;
				CLANG_WARN_DOCUMENTATION_COMMENTS = YES;
				CLANG_WARN_EMPTY_BODY = YES;
				CLANG_WARN_ENUM_CONVERSION = YES;
				CLANG_WARN_INFINITE_RECURSION = YES;
				CLANG_WARN_INT_CONVERSION = YES;
				CLANG_WARN_NON_LITERAL_NULL_CONVERSION = YES;
				CLANG_WARN_OBJC_IMPLICIT_RETAIN_SELF = YES;
				CLANG_WARN_OBJC_LITERAL_CONVERSION = YES;
				CLANG_WARN_OBJC_ROOT_CLASS = YES_ERROR;
				CLANG_WARN_QUOTED_INCLUDE_IN_FRAMEWORK_HEADER = YES;
				CLANG_WARN_RANGE_LOOP_ANALYSIS = YES;
				CLANG_WARN_STRICT_PROTOTYPES = YES;
				CLANG_WARN_SUSPICIOUS_MOVE = YES;
				CLANG_WARN_UNGUARDED_AVAILABILITY = YES_AGGRESSIVE;
				CLANG_WARN_UNREACHABLE_CODE = YES;
				CLANG_WARN__DUPLICATE_METHOD_MATCH = YES;
				COPY_PHASE_STRIP = NO;
				DEBUG_INFORMATION_FORMAT = "dwarf-with-dsym";
				ENABLE_NS_ASSERTIONS = NO;
				ENABLE_STRICT_OBJC_MSGSEND = YES;
				GCC_C_LANGUAGE_STANDARD = gnu11;
				GCC_NO_COMMON_BLOCKS = YES;
				GCC_WARN_64_TO_32_BIT_CONVERSION = YES;
				GCC_WARN_ABOUT_RETURN_TYPE = YES_ERROR;
				GCC_WARN_UNDECLARED_SELECTOR = YES;
				GCC_WARN_UNINITIALIZED_AUTOS = YES_AGGRESSIVE;
				GCC_WARN_UNUSED_FUNCTION = YES;
				GCC_WARN_UNUSED_VARIABLE = YES;
				IPHONEOS_DEPLOYMENT_TARGET = 14.5;
				MTL_ENABLE_DEBUG_INFO = NO;
				MTL_FAST_MATH = YES;
				SDKROOT = iphoneos;
				SWIFT_COMPILATION_MODE = wholemodule;
				SWIFT_OPTIMIZATION_LEVEL = "-O";
				VALIDATE_PRODUCT = YES;
			};
			name = Release;
		};
		B9AB693B27BF76870061919D /* Debug */ = {
			isa = XCBuildConfiguration;
			baseConfigurationReference = DBC19C592B59AE08B62C0738 /* Pods-movie-mania.debug.xcconfig */;
			buildSettings = {
				ASSETCATALOG_COMPILER_APPICON_NAME = AppIcon;
				ASSETCATALOG_COMPILER_GLOBAL_ACCENT_COLOR_NAME = AccentColor;
				CODE_SIGN_STYLE = Automatic;
				INFOPLIST_FILE = "movie-mania/Info.plist";
				LD_RUNPATH_SEARCH_PATHS = (
					"$(inherited)",
					"@executable_path/Frameworks",
				);
				PRODUCT_BUNDLE_IDENTIFIER = "com.harshdeep.movie-mania";
				PRODUCT_NAME = "$(TARGET_NAME)";
				SWIFT_VERSION = 5.0;
				TARGETED_DEVICE_FAMILY = "1,2";
			};
			name = Debug;
		};
		B9AB693C27BF76870061919D /* Release */ = {
			isa = XCBuildConfiguration;
			baseConfigurationReference = 6F3CFDE37E4905D9A5E4B3BB /* Pods-movie-mania.release.xcconfig */;
			buildSettings = {
				ASSETCATALOG_COMPILER_APPICON_NAME = AppIcon;
				ASSETCATALOG_COMPILER_GLOBAL_ACCENT_COLOR_NAME = AccentColor;
				CODE_SIGN_STYLE = Automatic;
				INFOPLIST_FILE = "movie-mania/Info.plist";
				LD_RUNPATH_SEARCH_PATHS = (
					"$(inherited)",
					"@executable_path/Frameworks",
				);
				PRODUCT_BUNDLE_IDENTIFIER = "com.harshdeep.movie-mania";
				PRODUCT_NAME = "$(TARGET_NAME)";
				SWIFT_VERSION = 5.0;
				TARGETED_DEVICE_FAMILY = "1,2";
			};
			name = Release;
		};
/* End XCBuildConfiguration section */

/* Begin XCConfigurationList section */
		B9AB691E27BF76850061919D /* Build configuration list for PBXProject "movie-mania" */ = {
			isa = XCConfigurationList;
			buildConfigurations = (
				B9AB693827BF76870061919D /* Debug */,
				B9AB693927BF76870061919D /* Release */,
			);
			defaultConfigurationIsVisible = 0;
			defaultConfigurationName = Release;
		};
		B9AB693A27BF76870061919D /* Build configuration list for PBXNativeTarget "movie-mania" */ = {
			isa = XCConfigurationList;
			buildConfigurations = (
				B9AB693B27BF76870061919D /* Debug */,
				B9AB693C27BF76870061919D /* Release */,
			);
			defaultConfigurationIsVisible = 0;
			defaultConfigurationName = Release;
		};
/* End XCConfigurationList section */

/* Begin XCVersionGroup section */
		B9971E0E27CCD9D30094063F /* movie-mania.xcdatamodeld */ = {
			isa = XCVersionGroup;
			children = (
				B9971E0F27CCD9D30094063F /* movie-mania.xcdatamodel */,
			);
			currentVersion = B9971E0F27CCD9D30094063F /* movie-mania.xcdatamodel */;
			path = "movie-mania.xcdatamodeld";
			sourceTree = "<group>";
			versionGroupType = wrapper.xcdatamodel;
		};
		B9AB692F27BF76850061919D /* movie_mania.xcdatamodeld */ = {
			isa = XCVersionGroup;
			children = (
				B9AB693027BF76850061919D /* movie_mania.xcdatamodel */,
			);
			currentVersion = B9AB693027BF76850061919D /* movie_mania.xcdatamodel */;
			path = movie_mania.xcdatamodeld;
			sourceTree = "<group>";
			versionGroupType = wrapper.xcdatamodel;
		};
/* End XCVersionGroup section */
	};
	rootObject = B9AB691B27BF76850061919D /* Project object */;
}
